{
  "name": "canvas-polyline",
  "version": "1.2.2",
  "lockfileVersion": 1,
  "requires": true,
  "dependencies": {
    "@babel/code-frame": {
      "version": "7.5.5",
      "resolved": "https://registry.npmjs.org/@babel/code-frame/-/code-frame-7.5.5.tgz",
      "integrity": "sha512-27d4lZoomVyo51VegxI20xZPuSHusqbQag/ztrBC7wegWoQ1nLREPVSKSW8byhTlzTKyNE4ifaTA6lCp7JjpFw==",
      "requires": {
        "@babel/highlight": "^7.0.0"
      }
    },
    "@babel/highlight": {
      "version": "7.5.0",
      "resolved": "https://registry.npmjs.org/@babel/highlight/-/highlight-7.5.0.tgz",
      "integrity": "sha512-7dV4eu9gBxoM0dAnj/BCFDW9LFU0zvTrkq0ugM7pnHEgguOEeOz1so2ZghEdzviYzQEED0r4EAgpsBChKy1TRQ==",
      "requires": {
        "chalk": "^2.0.0",
        "esutils": "^2.0.2",
        "js-tokens": "^4.0.0"
      }
    },
    "@sinonjs/commons": {
      "version": "1.3.0",
      "resolved": "https://registry.npmjs.org/@sinonjs/commons/-/commons-1.3.0.tgz",
      "integrity": "sha512-j4ZwhaHmwsCb4DlDOIWnI5YyKDNMoNThsmwEpfHx6a1EpsGZ9qYLxP++LMlmBRjtGptGHFsGItJ768snllFWpA==",
      "dev": true,
      "requires": {
        "type-detect": "4.0.8"
      }
    },
    "@sinonjs/formatio": {
      "version": "3.0.0",
      "resolved": "https://registry.npmjs.org/@sinonjs/formatio/-/formatio-3.0.0.tgz",
      "integrity": "sha512-vdjoYLDptCgvtJs57ULshak3iJe4NW3sJ3g36xVDGff5AE8P30S6A093EIEPjdi2noGhfuNOEkbxt3J3awFW1w==",
      "dev": true,
      "requires": {
        "@sinonjs/samsam": "2.1.0"
      },
      "dependencies": {
        "@sinonjs/samsam": {
          "version": "2.1.0",
          "resolved": "https://registry.npmjs.org/@sinonjs/samsam/-/samsam-2.1.0.tgz",
          "integrity": "sha512-5x2kFgJYupaF1ns/RmharQ90lQkd2ELS8A9X0ymkAAdemYHGtI2KiUHG8nX2WU0T1qgnOU5YMqnBM2V7NUanNw==",
          "dev": true,
          "requires": {
            "array-from": "^2.1.1"
          }
        }
      }
    },
    "@sinonjs/samsam": {
      "version": "2.1.2",
      "resolved": "https://registry.npmjs.org/@sinonjs/samsam/-/samsam-2.1.2.tgz",
      "integrity": "sha512-ZwTHAlC9akprWDinwEPD4kOuwaYZlyMwVJIANsKNC3QVp0AHB04m7RnB4eqeWfgmxw8MGTzS9uMaw93Z3QcZbw==",
      "dev": true
    },
    "@sinonjs/text-encoding": {
      "version": "0.7.1",
      "resolved": "https://registry.npmjs.org/@sinonjs/text-encoding/-/text-encoding-0.7.1.tgz",
      "integrity": "sha512-+iTbntw2IZPb/anVDbypzfQa+ay64MW0Zo8aJ8gZPWMMK6/OubMVb6lUPMagqjOPnmtauXnFCACVl3O7ogjeqQ==",
      "dev": true
    },
    "@types/estree": {
      "version": "0.0.39",
      "resolved": "https://registry.npmjs.org/@types/estree/-/estree-0.0.39.tgz",
      "integrity": "sha512-EYNwp3bU+98cpU4lAWYYL7Zz+2gryWH1qbdDTidVd6hkiR6weksdbMadyXKXNPEkQFhXM+hVO9ZygomHXp+AIw==",
      "dev": true
    },
    "@types/node": {
      "version": "10.12.10",
      "resolved": "https://registry.npmjs.org/@types/node/-/node-10.12.10.tgz",
      "integrity": "sha512-8xZEYckCbUVgK8Eg7lf5Iy4COKJ5uXlnIOnePN0WUwSQggy9tolM+tDJf7wMOnT/JT/W9xDYIaYggt3mRV2O5w==",
      "dev": true
    },
    "adaptive-bezier-curve": {
      "version": "1.0.3",
      "resolved": "https://registry.npmjs.org/adaptive-bezier-curve/-/adaptive-bezier-curve-1.0.3.tgz",
      "integrity": "sha1-R3V3q+h9coDUbKQWSfbCJkb+gic="
    },
    "adaptive-quadratic-curve": {
      "version": "1.0.2",
      "resolved": "https://registry.npmjs.org/adaptive-quadratic-curve/-/adaptive-quadratic-curve-1.0.2.tgz",
      "integrity": "sha1-ZbQZD8VxFpjSTwrnvV/qbNqQAQ0="
    },
    "ansi-styles": {
      "version": "3.2.1",
      "resolved": "https://registry.npmjs.org/ansi-styles/-/ansi-styles-3.2.1.tgz",
      "integrity": "sha512-VT0ZI6kZRdTh8YyJw3SMbYm/u+NqfsAxEpWO0Pf9sq8/e94WxxOpPKx9FR1FlyCtOVDNOQ+8ntlqFxiRc+r5qA==",
      "requires": {
        "color-convert": "^1.9.0"
      }
    },
    "array-from": {
      "version": "2.1.1",
      "resolved": "https://registry.npmjs.org/array-from/-/array-from-2.1.1.tgz",
      "integrity": "sha1-z+nYwmYoudxa7MYqn12PHzUsEZU=",
      "dev": true
    },
    "balanced-match": {
      "version": "1.0.0",
      "resolved": "https://registry.npmjs.org/balanced-match/-/balanced-match-1.0.0.tgz",
      "integrity": "sha1-ibTRmasr7kneFk6gK4nORi1xt2c=",
      "dev": true
    },
    "brace-expansion": {
      "version": "1.1.11",
      "resolved": "https://registry.npmjs.org/brace-expansion/-/brace-expansion-1.1.11.tgz",
      "integrity": "sha512-iCuPHDFgrHX7H2vEI/5xpz07zSHB00TpugqhmYtVmMO6518mCuRMoOYFldEBl0g187ufozdaHgWKcYFb61qGiA==",
      "dev": true,
      "requires": {
        "balanced-match": "^1.0.0",
        "concat-map": "0.0.1"
      }
    },
    "browser-stdout": {
      "version": "1.3.1",
      "resolved": "https://registry.npmjs.org/browser-stdout/-/browser-stdout-1.3.1.tgz",
      "integrity": "sha512-qhAVI1+Av2X7qelOfAIYwXONood6XlZE/fXaBSmW/T5SzLAmCgzi+eiWE7fUvbHaeNBQH13UftjpXxsfLkMpgw==",
      "dev": true
    },
    "buble": {
      "version": "0.19.6",
      "resolved": "https://registry.npmjs.org/buble/-/buble-0.19.6.tgz",
      "integrity": "sha512-9kViM6nJA1Q548Jrd06x0geh+BG2ru2+RMDkIHHgJY/8AcyCs34lTHwra9BX7YdPrZXd5aarkpr/SY8bmPgPdg==",
      "dev": true,
      "requires": {
        "chalk": "^2.4.1",
        "magic-string": "^0.25.1",
        "minimist": "^1.2.0",
        "os-homedir": "^1.0.1",
        "regexpu-core": "^4.2.0",
        "vlq": "^1.0.0"
      },
      "dependencies": {
        "minimist": {
          "version": "1.2.0",
          "resolved": "http://registry.npmjs.org/minimist/-/minimist-1.2.0.tgz",
          "integrity": "sha1-o1AIsg9BOD7sH7kU9M1d95omQoQ=",
          "dev": true
        }
      }
    },
    "buffer-from": {
      "version": "1.1.1",
      "resolved": "https://registry.npmjs.org/buffer-from/-/buffer-from-1.1.1.tgz",
      "integrity": "sha512-MQcXEUbCKtEo7bhqEs6560Hyd4XaovZlO/k9V3hjVUF/zwW7KBVdSK4gIt/bzwS9MbR5qob+F5jusZsb0YQK2A=="
    },
    "builtin-modules": {
      "version": "2.0.0",
      "resolved": "https://registry.npmjs.org/builtin-modules/-/builtin-modules-2.0.0.tgz",
      "integrity": "sha512-3U5kUA5VPsRUA3nofm/BXX7GVHKfxz0hOBAPxXrIvHzlDRkQVqEn6yi8QJegxl4LzOHLdvb7XF5dVawa/VVYBg==",
      "dev": true
    },
    "chalk": {
      "version": "2.4.1",
      "resolved": "https://registry.npmjs.org/chalk/-/chalk-2.4.1.tgz",
      "integrity": "sha512-ObN6h1v2fTJSmUXoS3nMQ92LbDK9be4TV+6G+omQlGJFdcUX5heKi1LZ1YnRMIgwTLEj3E24bT6tYni50rlCfQ==",
      "requires": {
        "ansi-styles": "^3.2.1",
        "escape-string-regexp": "^1.0.5",
        "supports-color": "^5.3.0"
      }
    },
    "color-convert": {
      "version": "1.9.3",
      "resolved": "https://registry.npmjs.org/color-convert/-/color-convert-1.9.3.tgz",
      "integrity": "sha512-QfAUtd+vFdAtFQcC8CCyYt1fYWxSqAiK2cSD6zDB8N3cpsEBAvRxp9zOGg6G/SHHJYAT88/az/IuDGALsNVbGg==",
      "requires": {
        "color-name": "1.1.3"
      }
    },
    "color-name": {
      "version": "1.1.3",
      "resolved": "https://registry.npmjs.org/color-name/-/color-name-1.1.3.tgz",
      "integrity": "sha1-p9BVi9icQveV3UIyj3QIMcpTvCU="
    },
    "commander": {
      "version": "2.15.1",
      "resolved": "http://registry.npmjs.org/commander/-/commander-2.15.1.tgz",
      "integrity": "sha512-VlfT9F3V0v+jr4yxPc5gg9s62/fIVWsd2Bk2iD435um1NlGMYdVCq+MjcXnhYq2icNOizHr1kK+5TI6H0Hy0ag==",
      "dev": true
    },
    "concat-map": {
      "version": "0.0.1",
      "resolved": "https://registry.npmjs.org/concat-map/-/concat-map-0.0.1.tgz",
      "integrity": "sha1-2Klr13/Wjfd5OnMDajug1UBdR3s=",
      "dev": true
    },
    "debug": {
      "version": "3.1.0",
      "resolved": "https://registry.npmjs.org/debug/-/debug-3.1.0.tgz",
      "integrity": "sha512-OX8XqP7/1a9cqkxYw2yXss15f26NKWBpDXQd0/uK/KPqdQhxbPa994hnzjcE2VqQpDslf55723cKPUOGSmMY3g==",
      "dev": true,
      "requires": {
        "ms": "2.0.0"
      }
    },
    "diff": {
      "version": "3.5.0",
      "resolved": "https://registry.npmjs.org/diff/-/diff-3.5.0.tgz",
      "integrity": "sha512-A46qtFgd+g7pDZinpnwiRJtxbC1hpgf0uzP3iG89scHk0AUC7A1TGxf5OiiOUv/JMZR8GOt8hL900hV0bOy5xA==",
      "dev": true
    },
    "escape-string-regexp": {
      "version": "1.0.5",
      "resolved": "https://registry.npmjs.org/escape-string-regexp/-/escape-string-regexp-1.0.5.tgz",
      "integrity": "sha1-G2HAViGQqN/2rjuyzwIAyhMLhtQ="
    },
    "estree-walker": {
      "version": "0.5.2",
      "resolved": "https://registry.npmjs.org/estree-walker/-/estree-walker-0.5.2.tgz",
      "integrity": "sha512-XpCnW/AE10ws/kDAs37cngSkvgIR8aN3G0MS85m7dUpuK2EREo9VJ00uvw6Dg/hXEpfsE1I1TvJOJr+Z+TL+ig==",
      "dev": true
    },
    "esutils": {
      "version": "2.0.3",
      "resolved": "https://registry.npmjs.org/esutils/-/esutils-2.0.3.tgz",
      "integrity": "sha512-kVscqXk4OCp68SZ0dkgEKVi6/8ij300KBWTJq32P/dYeWTSwK41WyTxalN1eRmA5Z9UU/LX9D7FWSmV9SAYx6g=="
    },
    "fs.realpath": {
      "version": "1.0.0",
      "resolved": "https://registry.npmjs.org/fs.realpath/-/fs.realpath-1.0.0.tgz",
      "integrity": "sha1-FQStJSMVjKpA20onh8sBQRmU6k8=",
      "dev": true
    },
    "glob": {
      "version": "7.1.2",
      "resolved": "https://registry.npmjs.org/glob/-/glob-7.1.2.tgz",
      "integrity": "sha512-MJTUg1kjuLeQCJ+ccE4Vpa6kKVXkPYJ2mOCQyUuKLcLQsdrMCpBPUi8qVE6+YuaJkozeA9NusTAw3hLr8Xe5EQ==",
      "dev": true,
      "requires": {
        "fs.realpath": "^1.0.0",
        "inflight": "^1.0.4",
        "inherits": "2",
        "minimatch": "^3.0.4",
        "once": "^1.3.0",
        "path-is-absolute": "^1.0.0"
      }
    },
    "growl": {
      "version": "1.10.5",
      "resolved": "https://registry.npmjs.org/growl/-/growl-1.10.5.tgz",
      "integrity": "sha512-qBr4OuELkhPenW6goKVXiv47US3clb3/IbuWF9KNKEijAy9oeHxU9IgzjvJhHkUzhaj7rOUD7+YGWqUjLp5oSA==",
      "dev": true
    },
    "has-flag": {
      "version": "3.0.0",
      "resolved": "https://registry.npmjs.org/has-flag/-/has-flag-3.0.0.tgz",
      "integrity": "sha1-tdRU3CGZriJWmfNGfloH87lVuv0="
    },
    "he": {
      "version": "1.1.1",
      "resolved": "https://registry.npmjs.org/he/-/he-1.1.1.tgz",
      "integrity": "sha1-k0EP0hsAlzUVH4howvJx80J+I/0=",
      "dev": true
    },
    "inflight": {
      "version": "1.0.6",
      "resolved": "https://registry.npmjs.org/inflight/-/inflight-1.0.6.tgz",
      "integrity": "sha1-Sb1jMdfQLQwJvJEKEHW6gWW1bfk=",
      "dev": true,
      "requires": {
        "once": "^1.3.0",
        "wrappy": "1"
      }
    },
    "inherits": {
      "version": "2.0.3",
      "resolved": "https://registry.npmjs.org/inherits/-/inherits-2.0.3.tgz",
      "integrity": "sha1-Yzwsg+PaQqUC9SRmAiSA9CCCYd4=",
      "dev": true
    },
    "is-module": {
      "version": "1.0.0",
      "resolved": "https://registry.npmjs.org/is-module/-/is-module-1.0.0.tgz",
      "integrity": "sha1-Mlj7afeMFNW4FdZkM2tM/7ZEFZE=",
      "dev": true
    },
    "isarray": {
      "version": "0.0.1",
      "resolved": "https://registry.npmjs.org/isarray/-/isarray-0.0.1.tgz",
      "integrity": "sha1-ihis/Kmo9Bd+Cav8YDiTmwXR7t8=",
      "dev": true
    },
    "jest-worker": {
      "version": "24.9.0",
      "resolved": "https://registry.npmjs.org/jest-worker/-/jest-worker-24.9.0.tgz",
      "integrity": "sha512-51PE4haMSXcHohnSMdM42anbvZANYTqMrr52tVKPqqsPJMzoP6FYYDVqahX/HrAoKEKz3uUPzSvKs9A3qR4iVw==",
      "requires": {
        "merge-stream": "^2.0.0",
        "supports-color": "^6.1.0"
      },
      "dependencies": {
        "supports-color": {
          "version": "6.1.0",
          "resolved": "https://registry.npmjs.org/supports-color/-/supports-color-6.1.0.tgz",
          "integrity": "sha512-qe1jfm1Mg7Nq/NSh6XE24gPXROEVsWHxC1LIx//XNlD9iw7YZQGjZNjYN7xGaEG6iKdA8EtNFW6R0gjnVXp+wQ==",
          "requires": {
            "has-flag": "^3.0.0"
          }
        }
      }
    },
    "js-tokens": {
      "version": "4.0.0",
      "resolved": "https://registry.npmjs.org/js-tokens/-/js-tokens-4.0.0.tgz",
      "integrity": "sha512-RdJUflcE3cUzKiMqQgsCu06FPu9UdIJO0beYbPhHN4k6apgJtifcoCtT9bcxOpYBtpD2kCM6Sbzg4CausW/PKQ=="
    },
    "jsesc": {
      "version": "0.5.0",
      "resolved": "http://registry.npmjs.org/jsesc/-/jsesc-0.5.0.tgz",
      "integrity": "sha1-597mbjXW/Bb3EP6R1c9p9w8IkR0=",
      "dev": true
    },
    "just-extend": {
      "version": "4.0.2",
      "resolved": "https://registry.npmjs.org/just-extend/-/just-extend-4.0.2.tgz",
      "integrity": "sha512-FrLwOgm+iXrPV+5zDU6Jqu4gCRXbWEQg2O3SKONsWE4w7AXFRkryS53bpWdaL9cNol+AmR3AEYz6kn+o0fCPnw==",
      "dev": true
    },
    "lodash": {
      "version": "4.17.15",
      "resolved": "https://registry.npmjs.org/lodash/-/lodash-4.17.15.tgz",
      "integrity": "sha512-8xOcRHvCjnocdS5cpwXQXVzmmh5e5+saE2QGoeQmbKmRS6J3VQppPOIt0MnmE+4xlZoumy0GPG0D0MVIQbNA1A==",
      "dev": true
    },
    "lodash.get": {
      "version": "4.4.2",
      "resolved": "https://registry.npmjs.org/lodash.get/-/lodash.get-4.4.2.tgz",
      "integrity": "sha1-LRd/ZS+jHpObRDjVNBSZ36OCXpk=",
      "dev": true
    },
    "lolex": {
      "version": "2.7.5",
      "resolved": "https://registry.npmjs.org/lolex/-/lolex-2.7.5.tgz",
      "integrity": "sha512-l9x0+1offnKKIzYVjyXU2SiwhXDLekRzKyhnbyldPHvC7BvLPVpdNUNR2KeMAiCN2D/kLNttZgQD5WjSxuBx3Q==",
      "dev": true
    },
    "magic-string": {
      "version": "0.25.1",
      "resolved": "https://registry.npmjs.org/magic-string/-/magic-string-0.25.1.tgz",
      "integrity": "sha512-sCuTz6pYom8Rlt4ISPFn6wuFodbKMIHUMv4Qko9P17dpxb7s52KJTmRuZZqHdGmLCK9AOcDare039nRIcfdkEg==",
      "dev": true,
      "requires": {
        "sourcemap-codec": "^1.4.1"
      }
    },
    "merge-stream": {
      "version": "2.0.0",
      "resolved": "https://registry.npmjs.org/merge-stream/-/merge-stream-2.0.0.tgz",
      "integrity": "sha512-abv/qOcuPfk3URPfDzmZU1LKmuw8kT+0nIHvKrKgFrwifol/doWcdA4ZqsWQ8ENrFKkd67Mfpo/LovbIUsbt3w=="
    },
    "minimatch": {
      "version": "3.0.4",
      "resolved": "https://registry.npmjs.org/minimatch/-/minimatch-3.0.4.tgz",
      "integrity": "sha512-yJHVQEhyqPLUTgt9B83PXu6W3rx4MvvHvSUvToogpwoGDOUQ+yDrR0HRot+yOCdCO7u4hX3pWft6kWBBcqh0UA==",
      "dev": true,
      "requires": {
        "brace-expansion": "^1.1.7"
      }
    },
    "minimist": {
      "version": "0.0.8",
      "resolved": "http://registry.npmjs.org/minimist/-/minimist-0.0.8.tgz",
      "integrity": "sha1-hX/Kv8M5fSYluCKCYuhqp6ARsF0=",
      "dev": true
    },
    "mkdirp": {
      "version": "0.5.1",
      "resolved": "http://registry.npmjs.org/mkdirp/-/mkdirp-0.5.1.tgz",
      "integrity": "sha1-MAV0OOrGz3+MR2fzhkjWaX11yQM=",
      "dev": true,
      "requires": {
        "minimist": "0.0.8"
      }
    },
    "mocha": {
      "version": "5.2.0",
      "resolved": "https://registry.npmjs.org/mocha/-/mocha-5.2.0.tgz",
      "integrity": "sha512-2IUgKDhc3J7Uug+FxMXuqIyYzH7gJjXECKe/w43IGgQHTSj3InJi+yAA7T24L9bQMRKiUEHxEX37G5JpVUGLcQ==",
      "dev": true,
      "requires": {
        "browser-stdout": "1.3.1",
        "commander": "2.15.1",
        "debug": "3.1.0",
        "diff": "3.5.0",
        "escape-string-regexp": "1.0.5",
        "glob": "7.1.2",
        "growl": "1.10.5",
        "he": "1.1.1",
        "minimatch": "3.0.4",
        "mkdirp": "0.5.1",
        "supports-color": "5.4.0"
      }
    },
    "ms": {
      "version": "2.0.0",
      "resolved": "https://registry.npmjs.org/ms/-/ms-2.0.0.tgz",
      "integrity": "sha1-VgiurfwAvmwpAd9fmGF4jeDVl8g=",
      "dev": true
    },
    "nise": {
      "version": "1.5.2",
      "resolved": "https://registry.npmjs.org/nise/-/nise-1.5.2.tgz",
      "integrity": "sha512-/6RhOUlicRCbE9s+94qCUsyE+pKlVJ5AhIv+jEE7ESKwnbXqulKZ1FYU+XAtHHWE9TinYvAxDUJAb912PwPoWA==",
      "dev": true,
      "requires": {
        "@sinonjs/formatio": "^3.2.1",
        "@sinonjs/text-encoding": "^0.7.1",
        "just-extend": "^4.0.2",
        "lolex": "^4.1.0",
        "path-to-regexp": "^1.7.0"
      },
      "dependencies": {
        "@sinonjs/formatio": {
          "version": "3.2.1",
          "resolved": "https://registry.npmjs.org/@sinonjs/formatio/-/formatio-3.2.1.tgz",
          "integrity": "sha512-tsHvOB24rvyvV2+zKMmPkZ7dXX6LSLKZ7aOtXY6Edklp0uRcgGpOsQTTGTcWViFyx4uhWc6GV8QdnALbIbIdeQ==",
          "dev": true,
          "requires": {
            "@sinonjs/commons": "^1",
            "@sinonjs/samsam": "^3.1.0"
          }
        },
        "@sinonjs/samsam": {
          "version": "3.3.3",
          "resolved": "https://registry.npmjs.org/@sinonjs/samsam/-/samsam-3.3.3.tgz",
          "integrity": "sha512-bKCMKZvWIjYD0BLGnNrxVuw4dkWCYsLqFOUWw8VgKF/+5Y+mE7LfHWPIYoDXowH+3a9LsWDMo0uAP8YDosPvHQ==",
          "dev": true,
          "requires": {
            "@sinonjs/commons": "^1.3.0",
            "array-from": "^2.1.1",
            "lodash": "^4.17.15"
          }
        },
        "lolex": {
          "version": "4.2.0",
          "resolved": "https://registry.npmjs.org/lolex/-/lolex-4.2.0.tgz",
          "integrity": "sha512-gKO5uExCXvSm6zbF562EvM+rd1kQDnB9AZBbiQVzf1ZmdDpxUSvpnAaVOP83N/31mRK8Ml8/VE8DMvsAZQ+7wg==",
          "dev": true
        }
      }
    },
    "once": {
      "version": "1.4.0",
      "resolved": "https://registry.npmjs.org/once/-/once-1.4.0.tgz",
      "integrity": "sha1-WDsap3WWHUsROsF9nFC6753Xa9E=",
      "dev": true,
      "requires": {
        "wrappy": "1"
      }
    },
    "os-homedir": {
      "version": "1.0.2",
      "resolved": "http://registry.npmjs.org/os-homedir/-/os-homedir-1.0.2.tgz",
      "integrity": "sha1-/7xJiDNuDoM94MFox+8VISGqf7M=",
      "dev": true
    },
    "path-is-absolute": {
      "version": "1.0.1",
      "resolved": "http://registry.npmjs.org/path-is-absolute/-/path-is-absolute-1.0.1.tgz",
      "integrity": "sha1-F0uSaHNVNP+8es5r9TpanhtcX18=",
      "dev": true
    },
    "path-parse": {
      "version": "1.0.6",
      "resolved": "https://registry.npmjs.org/path-parse/-/path-parse-1.0.6.tgz",
      "integrity": "sha512-GSmOT2EbHrINBf9SR7CDELwlJ8AENk3Qn7OikK4nFYAu3Ote2+JYNVvkpAEQm3/TLNEJFD/xZJjzyxg3KBWOzw==",
      "dev": true
    },
    "path-to-regexp": {
      "version": "1.7.0",
      "resolved": "https://registry.npmjs.org/path-to-regexp/-/path-to-regexp-1.7.0.tgz",
      "integrity": "sha1-Wf3g9DW62suhA6hOnTvGTpa5k30=",
      "dev": true,
      "requires": {
        "isarray": "0.0.1"
      }
    },
    "regenerate": {
      "version": "1.4.0",
      "resolved": "https://registry.npmjs.org/regenerate/-/regenerate-1.4.0.tgz",
      "integrity": "sha512-1G6jJVDWrt0rK99kBjvEtziZNCICAuvIPkSiUFIQxVP06RCVpq3dmDo2oi6ABpYaDYaTRr67BEhL8r1wgEZZKg==",
      "dev": true
    },
    "regenerate-unicode-properties": {
      "version": "7.0.0",
      "resolved": "https://registry.npmjs.org/regenerate-unicode-properties/-/regenerate-unicode-properties-7.0.0.tgz",
      "integrity": "sha512-s5NGghCE4itSlUS+0WUj88G6cfMVMmH8boTPNvABf8od+2dhT9WDlWu8n01raQAJZMOK8Ch6jSexaRO7swd6aw==",
      "dev": true,
      "requires": {
        "regenerate": "^1.4.0"
      }
    },
    "regexpu-core": {
      "version": "4.2.0",
      "resolved": "https://registry.npmjs.org/regexpu-core/-/regexpu-core-4.2.0.tgz",
      "integrity": "sha512-Z835VSnJJ46CNBttalHD/dB+Sj2ezmY6Xp38npwU87peK6mqOzOpV8eYktdkLTEkzzD+JsTcxd84ozd8I14+rw==",
      "dev": true,
      "requires": {
        "regenerate": "^1.4.0",
        "regenerate-unicode-properties": "^7.0.0",
        "regjsgen": "^0.4.0",
        "regjsparser": "^0.3.0",
        "unicode-match-property-ecmascript": "^1.0.4",
        "unicode-match-property-value-ecmascript": "^1.0.2"
      }
    },
    "regjsgen": {
      "version": "0.4.0",
      "resolved": "https://registry.npmjs.org/regjsgen/-/regjsgen-0.4.0.tgz",
      "integrity": "sha512-X51Lte1gCYUdlwhF28+2YMO0U6WeN0GLpgpA7LK7mbdDnkQYiwvEpmpe0F/cv5L14EbxgrdayAG3JETBv0dbXA==",
      "dev": true
    },
    "regjsparser": {
      "version": "0.3.0",
      "resolved": "https://registry.npmjs.org/regjsparser/-/regjsparser-0.3.0.tgz",
      "integrity": "sha512-zza72oZBBHzt64G7DxdqrOo/30bhHkwMUoT0WqfGu98XLd7N+1tsy5MJ96Bk4MD0y74n629RhmrGW6XlnLLwCA==",
      "dev": true,
      "requires": {
        "jsesc": "~0.5.0"
      }
    },
    "resolve": {
      "version": "1.8.1",
      "resolved": "https://registry.npmjs.org/resolve/-/resolve-1.8.1.tgz",
      "integrity": "sha512-AicPrAC7Qu1JxPCZ9ZgCZlY35QgFnNqc+0LtbRNxnVw4TXvjQ72wnuL9JQcEBgXkI9JM8MsT9kaQoHcpCRJOYA==",
      "dev": true,
      "requires": {
        "path-parse": "^1.0.5"
      }
    },
    "rollup": {
      "version": "0.65.2",
      "resolved": "https://registry.npmjs.org/rollup/-/rollup-0.65.2.tgz",
      "integrity": "sha512-BbXOrpxVbx0MpElI6vVLR2B6vnWHvYU/QAMw3GcEXvs601bvgrozuaW30cnvt43B96a6DeoYA0i9T5THanN+Rw==",
      "dev": true,
      "requires": {
        "@types/estree": "0.0.39",
        "@types/node": "*"
      }
    },
    "rollup-plugin-buble": {
      "version": "0.19.4",
      "resolved": "https://registry.npmjs.org/rollup-plugin-buble/-/rollup-plugin-buble-0.19.4.tgz",
      "integrity": "sha512-mahvTRn9mUVKEUyA5QbrfdybOH7tipHRe4zkKZjEGMB3YSaLW95kHFSB4Vdt7BofyG9r7zMCCmAsEqZKkRaN6A==",
      "dev": true,
      "requires": {
        "buble": "^0.19.4",
        "rollup-pluginutils": "^2.3.3"
      }
    },
    "rollup-plugin-commonjs": {
      "version": "9.2.0",
      "resolved": "https://registry.npmjs.org/rollup-plugin-commonjs/-/rollup-plugin-commonjs-9.2.0.tgz",
      "integrity": "sha512-0RM5U4Vd6iHjL6rLvr3lKBwnPsaVml+qxOGaaNUWN1lSq6S33KhITOfHmvxV3z2vy9Mk4t0g4rNlVaJJsNQPWA==",
      "dev": true,
      "requires": {
        "estree-walker": "^0.5.2",
        "magic-string": "^0.25.1",
        "resolve": "^1.8.1",
        "rollup-pluginutils": "^2.3.3"
      }
    },
    "rollup-plugin-node-resolve": {
      "version": "3.4.0",
      "resolved": "https://registry.npmjs.org/rollup-plugin-node-resolve/-/rollup-plugin-node-resolve-3.4.0.tgz",
      "integrity": "sha512-PJcd85dxfSBWih84ozRtBkB731OjXk0KnzN0oGp7WOWcarAFkVa71cV5hTJg2qpVsV2U8EUwrzHP3tvy9vS3qg==",
      "dev": true,
      "requires": {
        "builtin-modules": "^2.0.0",
        "is-module": "^1.0.0",
        "resolve": "^1.1.6"
      }
    },
    "rollup-plugin-terser": {
      "version": "4.0.4",
      "resolved": "https://registry.npmjs.org/rollup-plugin-terser/-/rollup-plugin-terser-4.0.4.tgz",
      "integrity": "sha512-wPANT5XKVJJ8RDUN0+wIr7UPd0lIXBo4UdJ59VmlPCtlFsE20AM+14pe+tk7YunCsWEiuzkDBY3QIkSCjtrPXg==",
      "requires": {
        "@babel/code-frame": "^7.0.0",
        "jest-worker": "^24.0.0",
        "serialize-javascript": "^1.6.1",
        "terser": "^3.14.1"
      }
    },
    "rollup-pluginutils": {
      "version": "2.8.2",
      "resolved": "https://registry.npmjs.org/rollup-pluginutils/-/rollup-pluginutils-2.8.2.tgz",
      "integrity": "sha512-EEp9NhnUkwY8aif6bxgovPHMoMoNr2FulJziTndpt5H9RdwC47GSGuII9XxpSdzVGM0GWrNPHV6ie1LTNJPaLQ==",
      "dev": true,
      "requires": {
        "estree-walker": "^0.6.1"
      },
      "dependencies": {
        "estree-walker": {
          "version": "0.6.1",
          "resolved": "https://registry.npmjs.org/estree-walker/-/estree-walker-0.6.1.tgz",
          "integrity": "sha512-SqmZANLWS0mnatqbSfRP5g8OXZC12Fgg1IwNtLsyHDzJizORW4khDfjPqJZsemPWBB2uqykUah5YpQ6epsqC/w==",
          "dev": true
        }
      }
    },
    "serialize-javascript": {
      "version": "1.9.1",
      "resolved": "https://registry.npmjs.org/serialize-javascript/-/serialize-javascript-1.9.1.tgz",
      "integrity": "sha512-0Vb/54WJ6k5v8sSWN09S0ora+Hnr+cX40r9F170nT+mSkaxltoE/7R3OrIdBSUv1OoiobH1QoWQbCnAO+e8J1A=="
    },
    "sinon": {
      "version": "6.3.5",
      "resolved": "https://registry.npmjs.org/sinon/-/sinon-6.3.5.tgz",
      "integrity": "sha512-xgoZ2gKjyVRcF08RrIQc+srnSyY1JDJtxu3Nsz07j1ffjgXoY6uPLf/qja6nDBZgzYYEovVkFryw2+KiZz11xQ==",
      "dev": true,
      "requires": {
        "@sinonjs/commons": "^1.0.2",
        "@sinonjs/formatio": "^3.0.0",
        "@sinonjs/samsam": "^2.1.2",
        "diff": "^3.5.0",
        "lodash.get": "^4.4.2",
        "lolex": "^2.7.5",
        "nise": "^1.4.5",
        "supports-color": "^5.5.0",
        "type-detect": "^4.0.8"
      },
      "dependencies": {
        "supports-color": {
          "version": "5.5.0",
          "resolved": "https://registry.npmjs.org/supports-color/-/supports-color-5.5.0.tgz",
          "integrity": "sha512-QjVjwdXIt408MIiAqCX4oUKsgU2EqAGzs2Ppkm4aQYbjm+ZEWEcW4SfFNTr4uMNZma0ey4f5lgLrkB0aX0QMow==",
          "dev": true,
          "requires": {
            "has-flag": "^3.0.0"
          }
        }
      }
    },
    "source-map": {
      "version": "0.6.1",
      "resolved": "https://registry.npmjs.org/source-map/-/source-map-0.6.1.tgz",
      "integrity": "sha512-UjgapumWlbMhkBgzT7Ykc5YXUT46F0iKu8SGXq0bcwP5dz/h0Plj6enJqjz1Zbq2l5WaqYnrVbwWOWMyF3F47g=="
    },
    "source-map-support": {
      "version": "0.5.13",
      "resolved": "https://registry.npmjs.org/source-map-support/-/source-map-support-0.5.13.tgz",
      "integrity": "sha512-SHSKFHadjVA5oR4PPqhtAVdcBWwRYVd6g6cAXnIbRiIwc2EhPrTuKUBdSLvlEKyIP3GCf89fltvcZiP9MMFA1w==",
      "requires": {
        "buffer-from": "^1.0.0",
        "source-map": "^0.6.0"
      }
    },
    "sourcemap-codec": {
      "version": "1.4.4",
      "resolved": "https://registry.npmjs.org/sourcemap-codec/-/sourcemap-codec-1.4.4.tgz",
      "integrity": "sha512-CYAPYdBu34781kLHkaW3m6b/uUSyMOC2R61gcYMWooeuaGtjof86ZA/8T+qVPPt7np1085CR9hmMGrySwEc8Xg==",
      "dev": true
    },
    "supports-color": {
      "version": "5.4.0",
      "resolved": "https://registry.npmjs.org/supports-color/-/supports-color-5.4.0.tgz",
      "integrity": "sha512-zjaXglF5nnWpsq470jSv6P9DwPvgLkuapYmfDm3JWOm0vkNTVF2tI4UrN2r6jH1qM/uc/WtxYY1hYoA2dOKj5w==",
      "requires": {
        "has-flag": "^3.0.0"
      }
    },
    "terser": {
      "version": "3.17.0",
      "resolved": "https://registry.npmjs.org/terser/-/terser-3.17.0.tgz",
      "integrity": "sha512-/FQzzPJmCpjAH9Xvk2paiWrFq+5M6aVOf+2KRbwhByISDX/EujxsK+BAvrhb6H+2rtrLCHK9N01wO014vrIwVQ==",
      "requires": {
        "commander": "^2.19.0",
        "source-map": "~0.6.1",
        "source-map-support": "~0.5.10"
      },
      "dependencies": {
        "commander": {
          "version": "2.20.0",
          "resolved": "https://registry.npmjs.org/commander/-/commander-2.20.0.tgz",
          "integrity": "sha512-7j2y+40w61zy6YC2iRNpUe/NwhNyoXrYpHMrSunaMG64nRnaf96zO/KMQR4OyN/UnE5KLyEBnKHd4aG3rskjpQ=="
        }
      }
    },
    "transformation-matrix": {
      "version": "1.14.1",
      "resolved": "https://registry.npmjs.org/transformation-matrix/-/transformation-matrix-1.14.1.tgz",
      "integrity": "sha512-zbfndGg//cMW4aytXuF4dkBuUu/SUBA94U2zkmDoRwcplS9hCCn/S3VDp4A7CXw5tVxeCm9F6zdfHzWzei6nXg=="
    },
    "type-detect": {
      "version": "4.0.8",
      "resolved": "https://registry.npmjs.org/type-detect/-/type-detect-4.0.8.tgz",
      "integrity": "sha512-0fr/mIH1dlO+x7TlcMy+bIDqKPsw/70tVyeHW787goQjhmqaZe10uwLujubK9q9Lg6Fiho1KUKDYz0Z7k7g5/g==",
      "dev": true
    },
    "unicode-canonical-property-names-ecmascript": {
      "version": "1.0.4",
      "resolved": "https://registry.npmjs.org/unicode-canonical-property-names-ecmascript/-/unicode-canonical-property-names-ecmascript-1.0.4.tgz",
      "integrity": "sha512-jDrNnXWHd4oHiTZnx/ZG7gtUTVp+gCcTTKr8L0HjlwphROEW3+Him+IpvC+xcJEFegapiMZyZe02CyuOnRmbnQ==",
      "dev": true
    },
    "unicode-match-property-ecmascript": {
      "version": "1.0.4",
      "resolved": "https://registry.npmjs.org/unicode-match-property-ecmascript/-/unicode-match-property-ecmascript-1.0.4.tgz",
      "integrity": "sha512-L4Qoh15vTfntsn4P1zqnHulG0LdXgjSO035fEpdtp6YxXhMT51Q6vgM5lYdG/5X3MjS+k/Y9Xw4SFCY9IkR0rg==",
      "dev": true,
      "requires": {
        "unicode-canonical-property-names-ecmascript": "^1.0.4",
        "unicode-property-aliases-ecmascript": "^1.0.4"
      }
    },
    "unicode-match-property-value-ecmascript": {
      "version": "1.0.2",
      "resolved": "https://registry.npmjs.org/unicode-match-property-value-ecmascript/-/unicode-match-property-value-ecmascript-1.0.2.tgz",
      "integrity": "sha512-Rx7yODZC1L/T8XKo/2kNzVAQaRE88AaMvI1EF/Xnj3GW2wzN6fop9DDWuFAKUVFH7vozkz26DzP0qyWLKLIVPQ==",
      "dev": true
    },
    "unicode-property-aliases-ecmascript": {
      "version": "1.0.4",
      "resolved": "https://registry.npmjs.org/unicode-property-aliases-ecmascript/-/unicode-property-aliases-ecmascript-1.0.4.tgz",
      "integrity": "sha512-2WSLa6OdYd2ng8oqiGIWnJqyFArvhn+5vgx5GTxMbUYjCYKUcuKS62YLFF0R/BDGlB1yzXjQOLtPAfHsgirEpg==",
      "dev": true
    },
    "vlq": {
      "version": "1.0.0",
      "resolved": "https://registry.npmjs.org/vlq/-/vlq-1.0.0.tgz",
      "integrity": "sha512-o3WmXySo+oI5thgqr7Qy8uBkT/v9Zr+sRyrh1lr8aWPUkgDWdWt4Nae2WKBrLsocgE8BuWWD0jLc+VW8LeU+2g==",
      "dev": true
    },
    "wrappy": {
      "version": "1.0.2",
      "resolved": "https://registry.npmjs.org/wrappy/-/wrappy-1.0.2.tgz",
      "integrity": "sha1-tSQ9jz7BqjXxNkYFvA0QNuMKtp8=",
      "dev": true
    }
  }
}
